{
  "version": 4,
  "terraform_version": "1.12.2",
  "serial": 17,
  "lineage": "945cc3b1-fc4e-269f-745c-b17835a9267e",
  "outputs": {
    "public_ips": {
      "value": {
        "vm1": "54.186.54.146",
        "vm2": "54.188.255.175"
      },
      "type": [
        "object",
        {
          "vm1": "string",
          "vm2": "string"
        }
      ]
    }
  },
  "resources": [
    {
      "mode": "data",
      "type": "aws_ami",
      "name": "ubuntu",
      "provider": "provider[\"registry.terraform.io/hashicorp/aws\"]",
      "instances": [
        {
          "schema_version": 0,
          "attributes": {
            "architecture": "x86_64",
            "arn": "arn:aws:ec2:us-west-2::image/ami-03aa99ddf5498ceb9",
            "block_device_mappings": [
              {
                "device_name": "/dev/sda1",
                "ebs": {
                  "delete_on_termination": "true",
                  "encrypted": "false",
                  "iops": "0",
                  "snapshot_id": "snap-0da2262f4a7ca05f4",
                  "throughput": "0",
                  "volume_size": "8",
                  "volume_type": "gp3"
                },
                "no_device": "",
                "virtual_name": ""
              },
              {
                "device_name": "/dev/sdb",
                "ebs": {},
                "no_device": "",
                "virtual_name": "ephemeral0"
              },
              {
                "device_name": "/dev/sdc",
                "ebs": {},
                "no_device": "",
                "virtual_name": "ephemeral1"
              }
            ],
            "boot_mode": "uefi-preferred",
            "creation_date": "2025-08-21T11:32:26.000Z",
            "deprecation_time": "2027-08-21T11:32:26.000Z",
            "description": "Canonical, Ubuntu, 24.04, amd64 noble image",
            "ena_support": true,
            "executable_users": null,
            "filter": [
              {
                "name": "name",
                "values": [
                  "ubuntu/images/hvm-ssd-gp3/ubuntu-noble-24.04-amd64-server-*"
                ]
              }
            ],
            "hypervisor": "xen",
            "id": "ami-03aa99ddf5498ceb9",
            "image_id": "ami-03aa99ddf5498ceb9",
            "image_location": "amazon/ubuntu/images/hvm-ssd-gp3/ubuntu-noble-24.04-amd64-server-20250821",
            "image_owner_alias": "amazon",
            "image_type": "machine",
            "imds_support": "v2.0",
            "include_deprecated": false,
            "kernel_id": "",
            "most_recent": true,
            "name": "ubuntu/images/hvm-ssd-gp3/ubuntu-noble-24.04-amd64-server-20250821",
            "name_regex": null,
            "owner_id": "099720109477",
            "owners": [
              "099720109477"
            ],
            "platform": "",
            "platform_details": "Linux/UNIX",
            "product_codes": [],
            "public": true,
            "ramdisk_id": "",
            "root_device_name": "/dev/sda1",
            "root_device_type": "ebs",
            "root_snapshot_id": "snap-0da2262f4a7ca05f4",
            "sriov_net_support": "simple",
            "state": "available",
            "state_reason": {
              "code": "UNSET",
              "message": "UNSET"
            },
            "tags": {},
            "timeouts": null,
            "tpm_support": "",
            "usage_operation": "RunInstances",
            "virtualization_type": "hvm"
          },
          "sensitive_attributes": [],
          "identity_schema_version": 0
        }
      ]
    },
    {
      "mode": "data",
      "type": "aws_subnets",
      "name": "default_public",
      "provider": "provider[\"registry.terraform.io/hashicorp/aws\"]",
      "instances": [
        {
          "schema_version": 0,
          "attributes": {
            "filter": [
              {
                "name": "default-for-az",
                "values": [
                  "true"
                ]
              },
              {
                "name": "vpc-id",
                "values": [
                  "vpc-02e94df5b1424507a"
                ]
              }
            ],
            "id": "us-west-2",
            "ids": [
              "subnet-03fdbb955e4cb9128",
              "subnet-028f4a3cc765f49e5",
              "subnet-0cf2d35864be3ecb8",
              "subnet-0b652531a90d6abad"
            ],
            "tags": null,
            "timeouts": null
          },
          "sensitive_attributes": [],
          "identity_schema_version": 0
        }
      ]
    },
    {
      "mode": "data",
      "type": "aws_vpc",
      "name": "default",
      "provider": "provider[\"registry.terraform.io/hashicorp/aws\"]",
      "instances": [
        {
          "schema_version": 0,
          "attributes": {
            "arn": "arn:aws:ec2:us-west-2:285795751798:vpc/vpc-02e94df5b1424507a",
            "cidr_block": "172.31.0.0/16",
            "cidr_block_associations": [
              {
                "association_id": "vpc-cidr-assoc-096b13f80b043b769",
                "cidr_block": "172.31.0.0/16",
                "state": "associated"
              }
            ],
            "default": true,
            "dhcp_options_id": "dopt-06592287f2fc5f9ae",
            "enable_dns_hostnames": true,
            "enable_dns_support": true,
            "enable_network_address_usage_metrics": false,
            "filter": null,
            "id": "vpc-02e94df5b1424507a",
            "instance_tenancy": "default",
            "ipv6_association_id": "",
            "ipv6_cidr_block": "",
            "main_route_table_id": "rtb-0a40d2323fd0935a5",
            "owner_id": "285795751798",
            "state": null,
            "tags": {},
            "timeouts": null
          },
          "sensitive_attributes": [],
          "identity_schema_version": 0
        }
      ]
    },
    {
      "mode": "managed",
      "type": "aws_instance",
      "name": "vm",
      "provider": "provider[\"registry.terraform.io/hashicorp/aws\"]",
      "instances": [
        {
          "index_key": "vm1",
          "schema_version": 1,
          "attributes": {
            "ami": "ami-03aa99ddf5498ceb9",
            "arn": "arn:aws:ec2:us-west-2:285795751798:instance/i-0a657372181d55e3a",
            "associate_public_ip_address": true,
            "availability_zone": "us-west-2a",
            "capacity_reservation_specification": [
              {
                "capacity_reservation_preference": "open",
                "capacity_reservation_target": []
              }
            ],
            "cpu_core_count": 1,
            "cpu_options": [
              {
                "amd_sev_snp": "",
                "core_count": 1,
                "threads_per_core": 2
              }
            ],
            "cpu_threads_per_core": 2,
            "credit_specification": [
              {
                "cpu_credits": "unlimited"
              }
            ],
            "disable_api_stop": false,
            "disable_api_termination": false,
            "ebs_block_device": [],
            "ebs_optimized": false,
            "enclave_options": [
              {
                "enabled": false
              }
            ],
            "ephemeral_block_device": [],
            "get_password_data": false,
            "hibernation": false,
            "host_id": "",
            "host_resource_group_arn": null,
            "iam_instance_profile": "",
            "id": "i-0a657372181d55e3a",
            "instance_initiated_shutdown_behavior": "stop",
            "instance_state": "running",
            "instance_type": "t3.micro",
            "ipv6_address_count": 0,
            "ipv6_addresses": [],
            "key_name": "key-ansible",
            "launch_template": [],
            "maintenance_options": [
              {
                "auto_recovery": "default"
              }
            ],
            "metadata_options": [
              {
                "http_endpoint": "enabled",
                "http_put_response_hop_limit": 2,
                "http_tokens": "required",
                "instance_metadata_tags": "disabled"
              }
            ],
            "monitoring": false,
            "network_interface": [],
            "outpost_arn": "",
            "password_data": "",
            "placement_group": "",
            "placement_partition_number": 0,
            "primary_network_interface_id": "eni-04f69f2042875196b",
            "private_dns": "ip-172-31-38-7.us-west-2.compute.internal",
            "private_dns_name_options": [
              {
                "enable_resource_name_dns_a_record": false,
                "enable_resource_name_dns_aaaa_record": false,
                "hostname_type": "ip-name"
              }
            ],
            "private_ip": "172.31.38.7",
            "public_dns": "ec2-54-186-54-146.us-west-2.compute.amazonaws.com",
            "public_ip": "54.186.54.146",
            "root_block_device": [
              {
                "delete_on_termination": true,
                "device_name": "/dev/sda1",
                "encrypted": false,
                "iops": 3000,
                "kms_key_id": "",
                "tags": {},
                "throughput": 125,
                "volume_id": "vol-0fc5ace13a2161b15",
                "volume_size": 8,
                "volume_type": "gp3"
              }
            ],
            "secondary_private_ips": [],
            "security_groups": [
              "allow-ssh-http-ansible"
            ],
            "source_dest_check": true,
            "subnet_id": "subnet-0cf2d35864be3ecb8",
            "tags": null,
            "tags_all": {},
            "tenancy": "default",
            "timeouts": null,
            "user_data": null,
            "user_data_base64": null,
            "user_data_replace_on_change": false,
            "volume_tags": null,
            "vpc_security_group_ids": [
              "sg-0c41e4f9860a4a69b"
            ]
          },
          "sensitive_attributes": [],
          "identity_schema_version": 0,
          "private": "eyJlMmJmYjczMC1lY2FhLTExZTYtOGY4OC0zNDM2M2JjN2M0YzAiOnsiY3JlYXRlIjo2MDAwMDAwMDAwMDAsImRlbGV0ZSI6MTIwMDAwMDAwMDAwMCwidXBkYXRlIjo2MDAwMDAwMDAwMDB9LCJzY2hlbWFfdmVyc2lvbiI6IjEifQ==",
          "dependencies": [
            "aws_key_pair.key-pair-ansible",
            "aws_security_group.allow_ssh_http",
            "data.aws_ami.ubuntu",
            "data.aws_vpc.default",
            "tls_private_key.key-ansible"
          ]
        },
        {
          "index_key": "vm2",
          "schema_version": 1,
          "attributes": {
            "ami": "ami-03aa99ddf5498ceb9",
            "arn": "arn:aws:ec2:us-west-2:285795751798:instance/i-0d742f0ec82ab66eb",
            "associate_public_ip_address": true,
            "availability_zone": "us-west-2a",
            "capacity_reservation_specification": [
              {
                "capacity_reservation_preference": "open",
                "capacity_reservation_target": []
              }
            ],
            "cpu_core_count": 1,
            "cpu_options": [
              {
                "amd_sev_snp": "",
                "core_count": 1,
                "threads_per_core": 2
              }
            ],
            "cpu_threads_per_core": 2,
            "credit_specification": [
              {
                "cpu_credits": "unlimited"
              }
            ],
            "disable_api_stop": false,
            "disable_api_termination": false,
            "ebs_block_device": [],
            "ebs_optimized": false,
            "enclave_options": [
              {
                "enabled": false
              }
            ],
            "ephemeral_block_device": [],
            "get_password_data": false,
            "hibernation": false,
            "host_id": "",
            "host_resource_group_arn": null,
            "iam_instance_profile": "",
            "id": "i-0d742f0ec82ab66eb",
            "instance_initiated_shutdown_behavior": "stop",
            "instance_state": "running",
            "instance_type": "t3.micro",
            "ipv6_address_count": 0,
            "ipv6_addresses": [],
            "key_name": "key-ansible",
            "launch_template": [],
            "maintenance_options": [
              {
                "auto_recovery": "default"
              }
            ],
            "metadata_options": [
              {
                "http_endpoint": "enabled",
                "http_put_response_hop_limit": 2,
                "http_tokens": "required",
                "instance_metadata_tags": "disabled"
              }
            ],
            "monitoring": false,
            "network_interface": [],
            "outpost_arn": "",
            "password_data": "",
            "placement_group": "",
            "placement_partition_number": 0,
            "primary_network_interface_id": "eni-0533a1a5f19f228e5",
            "private_dns": "ip-172-31-32-88.us-west-2.compute.internal",
            "private_dns_name_options": [
              {
                "enable_resource_name_dns_a_record": false,
                "enable_resource_name_dns_aaaa_record": false,
                "hostname_type": "ip-name"
              }
            ],
            "private_ip": "172.31.32.88",
            "public_dns": "ec2-54-188-255-175.us-west-2.compute.amazonaws.com",
            "public_ip": "54.188.255.175",
            "root_block_device": [
              {
                "delete_on_termination": true,
                "device_name": "/dev/sda1",
                "encrypted": false,
                "iops": 3000,
                "kms_key_id": "",
                "tags": {},
                "throughput": 125,
                "volume_id": "vol-0fed27f3dd5b2c93b",
                "volume_size": 8,
                "volume_type": "gp3"
              }
            ],
            "secondary_private_ips": [],
            "security_groups": [
              "allow-ssh-http-ansible"
            ],
            "source_dest_check": true,
            "subnet_id": "subnet-0cf2d35864be3ecb8",
            "tags": null,
            "tags_all": {},
            "tenancy": "default",
            "timeouts": null,
            "user_data": null,
            "user_data_base64": null,
            "user_data_replace_on_change": false,
            "volume_tags": null,
            "vpc_security_group_ids": [
              "sg-0c41e4f9860a4a69b"
            ]
          },
          "sensitive_attributes": [],
          "identity_schema_version": 0,
          "private": "eyJlMmJmYjczMC1lY2FhLTExZTYtOGY4OC0zNDM2M2JjN2M0YzAiOnsiY3JlYXRlIjo2MDAwMDAwMDAwMDAsImRlbGV0ZSI6MTIwMDAwMDAwMDAwMCwidXBkYXRlIjo2MDAwMDAwMDAwMDB9LCJzY2hlbWFfdmVyc2lvbiI6IjEifQ==",
          "dependencies": [
            "aws_key_pair.key-pair-ansible",
            "aws_security_group.allow_ssh_http",
            "data.aws_ami.ubuntu",
            "data.aws_vpc.default",
            "tls_private_key.key-ansible"
          ]
        }
      ]
    },
    {
      "mode": "managed",
      "type": "aws_key_pair",
      "name": "key-pair-ansible",
      "provider": "provider[\"registry.terraform.io/hashicorp/aws\"]",
      "instances": [
        {
          "schema_version": 1,
          "attributes": {
            "arn": "arn:aws:ec2:us-west-2:285795751798:key-pair/key-ansible",
            "fingerprint": "3a:0b:2b:cc:1e:53:a3:0a:28:bd:8d:5f:c2:81:d2:70",
            "id": "key-ansible",
            "key_name": "key-ansible",
            "key_name_prefix": "",
            "key_pair_id": "key-09d692bf5b1b9d50a",
            "key_type": "rsa",
            "public_key": "ssh-rsa AAAAB3NzaC1yc2EAAAADAQABAAACAQC1yHWbByKfN6zLPq0gEXPDpqJwKp4Hx47VKXNd+zBPN1OGs+3VL4UQx56TUOjkZSIbmyspgQ/n8IASNt0W5tD7hH21RvIAvH6L4hzV1jaTC/5tKrWXeJZYI1n26frP7y/BAyCTSaG6Tbrt0kfypbtOjMxGgzekq6ikJn0YqTg86wmX0XO9Dj0Fn7fOioDF5ca4i88D2s5x0NFofuN7er2PG1dTJLVIyTCPFkOseyZ4qEUVM/ZgWAZV9dx6oycyEH9pNOlTtFKI7YN/3lWMHIDMQ2I7nS95EvfDUhEZ73lGedzNM9CgtZPtQAx5R340BDatkTkTlhu4GAEPS2lT70uLx0Rxl5cDdxvyVM+9Qg2r3qiiNynHsFt6usm3QnFTOdhubmx1JORJVEFcI6zGbCS5VSNmKJ5XOSRQDOCSryemxQUrhhAanxvVWeaEuTeJuH7EK2SZw0ocyZIA1Vl6q8FDeEHos12oPXdXlVO8J4TVICbPu3VvhAGrDeHql8w81v7so8uDYha4jieJO/Wnj0zXJuRQPLs7szydU3lfUPHegRIZSfAnT7BZpgojtznvdYV4pPYOOI66Oenu+T0UnRHI8zQ6EMV/EDBTzAQLOaFjL3k7ulLrmJYCpe/Cu0CKfSWZ0RuH+c3RQqv4V5KkbLG+mzjNylbK1wRTuP9TqZMV9w==",
            "tags": null,
            "tags_all": {}
          },
          "sensitive_attributes": [],
          "identity_schema_version": 0,
          "private": "eyJzY2hlbWFfdmVyc2lvbiI6IjEifQ==",
          "dependencies": [
            "tls_private_key.key-ansible"
          ]
        }
      ]
    },
    {
      "mode": "managed",
      "type": "aws_security_group",
      "name": "allow_ssh_http",
      "provider": "provider[\"registry.terraform.io/hashicorp/aws\"]",
      "instances": [
        {
          "schema_version": 1,
          "attributes": {
            "arn": "arn:aws:ec2:us-west-2:285795751798:security-group/sg-0c41e4f9860a4a69b",
            "description": "Allow SSH(22) and HTTP(8080)",
            "egress": [],
            "id": "sg-0c41e4f9860a4a69b",
            "ingress": [],
            "name": "allow-ssh-http-ansible",
            "name_prefix": "",
            "owner_id": "285795751798",
            "revoke_rules_on_delete": false,
            "tags": {
              "Name": "allow_ssh_http"
            },
            "tags_all": {
              "Name": "allow_ssh_http"
            },
            "timeouts": null,
            "vpc_id": "vpc-02e94df5b1424507a"
          },
          "sensitive_attributes": [],
          "identity_schema_version": 0,
          "private": "eyJlMmJmYjczMC1lY2FhLTExZTYtOGY4OC0zNDM2M2JjN2M0YzAiOnsiY3JlYXRlIjo2MDAwMDAwMDAwMDAsImRlbGV0ZSI6OTAwMDAwMDAwMDAwfSwic2NoZW1hX3ZlcnNpb24iOiIxIn0=",
          "dependencies": [
            "data.aws_vpc.default"
          ]
        }
      ]
    },
    {
      "mode": "managed",
      "type": "aws_vpc_security_group_egress_rule",
      "name": "allow_all_traffic_ipv4",
      "provider": "provider[\"registry.terraform.io/hashicorp/aws\"]",
      "instances": [
        {
          "schema_version": 0,
          "attributes": {
            "arn": "arn:aws:ec2:us-west-2:285795751798:security-group-rule/sgr-0e2c50c5654a896b7",
            "cidr_ipv4": "0.0.0.0/0",
            "cidr_ipv6": null,
            "description": null,
            "from_port": null,
            "id": "sgr-0e2c50c5654a896b7",
            "ip_protocol": "-1",
            "prefix_list_id": null,
            "referenced_security_group_id": null,
            "security_group_id": "sg-0c41e4f9860a4a69b",
            "security_group_rule_id": "sgr-0e2c50c5654a896b7",
            "tags": null,
            "tags_all": {},
            "to_port": null
          },
          "sensitive_attributes": [],
          "identity_schema_version": 0,
          "dependencies": [
            "aws_security_group.allow_ssh_http",
            "data.aws_vpc.default"
          ]
        }
      ]
    },
    {
      "mode": "managed",
      "type": "aws_vpc_security_group_egress_rule",
      "name": "allow_all_traffic_ipv6",
      "provider": "provider[\"registry.terraform.io/hashicorp/aws\"]",
      "instances": [
        {
          "schema_version": 0,
          "attributes": {
            "arn": "arn:aws:ec2:us-west-2:285795751798:security-group-rule/sgr-0326bcbec1aeb80bf",
            "cidr_ipv4": null,
            "cidr_ipv6": "::/0",
            "description": null,
            "from_port": null,
            "id": "sgr-0326bcbec1aeb80bf",
            "ip_protocol": "-1",
            "prefix_list_id": null,
            "referenced_security_group_id": null,
            "security_group_id": "sg-0c41e4f9860a4a69b",
            "security_group_rule_id": "sgr-0326bcbec1aeb80bf",
            "tags": null,
            "tags_all": {},
            "to_port": null
          },
          "sensitive_attributes": [],
          "identity_schema_version": 0,
          "dependencies": [
            "aws_security_group.allow_ssh_http",
            "data.aws_vpc.default"
          ]
        }
      ]
    },
    {
      "mode": "managed",
      "type": "aws_vpc_security_group_ingress_rule",
      "name": "allow_http_ipv4",
      "provider": "provider[\"registry.terraform.io/hashicorp/aws\"]",
      "instances": [
        {
          "schema_version": 0,
          "attributes": {
            "arn": "arn:aws:ec2:us-west-2:285795751798:security-group-rule/sgr-003efc7e372a73f7b",
            "cidr_ipv4": "0.0.0.0/0",
            "cidr_ipv6": null,
            "description": null,
            "from_port": 8080,
            "id": "sgr-003efc7e372a73f7b",
            "ip_protocol": "tcp",
            "prefix_list_id": null,
            "referenced_security_group_id": null,
            "security_group_id": "sg-0c41e4f9860a4a69b",
            "security_group_rule_id": "sgr-003efc7e372a73f7b",
            "tags": null,
            "tags_all": {},
            "to_port": 8080
          },
          "sensitive_attributes": [],
          "identity_schema_version": 0,
          "dependencies": [
            "aws_security_group.allow_ssh_http",
            "data.aws_vpc.default"
          ]
        }
      ]
    },
    {
      "mode": "managed",
      "type": "aws_vpc_security_group_ingress_rule",
      "name": "allow_http_ipv6",
      "provider": "provider[\"registry.terraform.io/hashicorp/aws\"]",
      "instances": [
        {
          "schema_version": 0,
          "attributes": {
            "arn": "arn:aws:ec2:us-west-2:285795751798:security-group-rule/sgr-0a225607a336a86ef",
            "cidr_ipv4": null,
            "cidr_ipv6": "::/0",
            "description": null,
            "from_port": 8080,
            "id": "sgr-0a225607a336a86ef",
            "ip_protocol": "tcp",
            "prefix_list_id": null,
            "referenced_security_group_id": null,
            "security_group_id": "sg-0c41e4f9860a4a69b",
            "security_group_rule_id": "sgr-0a225607a336a86ef",
            "tags": null,
            "tags_all": {},
            "to_port": 8080
          },
          "sensitive_attributes": [],
          "identity_schema_version": 0,
          "dependencies": [
            "aws_security_group.allow_ssh_http",
            "data.aws_vpc.default"
          ]
        }
      ]
    },
    {
      "mode": "managed",
      "type": "aws_vpc_security_group_ingress_rule",
      "name": "allow_ssh_ipv4",
      "provider": "provider[\"registry.terraform.io/hashicorp/aws\"]",
      "instances": [
        {
          "schema_version": 0,
          "attributes": {
            "arn": "arn:aws:ec2:us-west-2:285795751798:security-group-rule/sgr-0075833d586fd0832",
            "cidr_ipv4": "0.0.0.0/0",
            "cidr_ipv6": null,
            "description": null,
            "from_port": 22,
            "id": "sgr-0075833d586fd0832",
            "ip_protocol": "tcp",
            "prefix_list_id": null,
            "referenced_security_group_id": null,
            "security_group_id": "sg-0c41e4f9860a4a69b",
            "security_group_rule_id": "sgr-0075833d586fd0832",
            "tags": null,
            "tags_all": {},
            "to_port": 22
          },
          "sensitive_attributes": [],
          "identity_schema_version": 0,
          "dependencies": [
            "aws_security_group.allow_ssh_http",
            "data.aws_vpc.default"
          ]
        }
      ]
    },
    {
      "mode": "managed",
      "type": "aws_vpc_security_group_ingress_rule",
      "name": "allow_ssh_ipv6",
      "provider": "provider[\"registry.terraform.io/hashicorp/aws\"]",
      "instances": [
        {
          "schema_version": 0,
          "attributes": {
            "arn": "arn:aws:ec2:us-west-2:285795751798:security-group-rule/sgr-07dda22abccceb9a5",
            "cidr_ipv4": null,
            "cidr_ipv6": "::/0",
            "description": null,
            "from_port": 22,
            "id": "sgr-07dda22abccceb9a5",
            "ip_protocol": "tcp",
            "prefix_list_id": null,
            "referenced_security_group_id": null,
            "security_group_id": "sg-0c41e4f9860a4a69b",
            "security_group_rule_id": "sgr-07dda22abccceb9a5",
            "tags": null,
            "tags_all": {},
            "to_port": 22
          },
          "sensitive_attributes": [],
          "identity_schema_version": 0,
          "dependencies": [
            "aws_security_group.allow_ssh_http",
            "data.aws_vpc.default"
          ]
        }
      ]
    },
    {
      "mode": "managed",
      "type": "tls_private_key",
      "name": "key-ansible",
      "provider": "provider[\"registry.terraform.io/hashicorp/tls\"]",
      "instances": [
        {
          "schema_version": 1,
          "attributes": {
            "algorithm": "RSA",
            "ecdsa_curve": "P224",
            "id": "c1b710a0c6ab1a56d33ca0a6dce2bd9cc674a1b2",
            "private_key_openssh": "-----BEGIN OPENSSH PRIVATE KEY-----\nb3BlbnNzaC1rZXktdjEAAAAABG5vbmUAAAAEbm9uZQAAAAAAAAABAAACFwAAAAdz\nc2gtcnNhAAAAAwEAAQAAAgEAtch1mwcinzesyz6tIBFzw6aicCqeB8eO1SlzXfsw\nTzdThrPt1S+FEMeek1Do5GUiG5srKYEP5/CAEjbdFubQ+4R9tUbyALx+i+Ic1dY2\nkwv+bSq1l3iWWCNZ9un6z+8vwQMgk0mhuk267dJH8qW7TozMRoM3pKuopCZ9GKk4\nPOsJl9FzvQ49BZ+3zoqAxeXGuIvPA9rOcdDRaH7je3q9jxtXUyS1SMkwjxZDrHsm\neKhFFTP2YFgGVfXceqMnMhB/aTTpU7RSiO2Df95VjByAzENiO50veRL3w1IRGe95\nRnnczTPQoLWT7UAMeUd+NAQ2rZE5E5YbuBgBD0tpU+9Li8dEcZeXA3cb8lTPvUIN\nq96oojcpx7BberrJt0JxUznYbm5sdSTkSVRBXCOsxmwkuVUjZiieVzkkUAzgkq8n\npsUFK4YQGp8b1VnmhLk3ibh+xCtkmcNKHMmSANVZeqvBQ3hB6LNdqD13V5VTvCeE\n1SAmz7t1b4QBqw3h6pfMPNb+7KPLg2IWuI4niTv1p49M1ybkUDy7O7M8nVN5X1Dx\n3oESGUnwJ0+wWaYKI7c573WFeKT2DjiOujnp7vk9FJ0RyPM0OhDFfxAwU8wECzmh\nYy95O7pS65iWAqXvwrtAin0lmdEbh/nN0UKr+FeSpGyxvps4zcpWytcEU7j/U6mT\nFfcAAAc4YLgONWC4DjUAAAAHc3NoLXJzYQAAAgEAtch1mwcinzesyz6tIBFzw6ai\ncCqeB8eO1SlzXfswTzdThrPt1S+FEMeek1Do5GUiG5srKYEP5/CAEjbdFubQ+4R9\ntUbyALx+i+Ic1dY2kwv+bSq1l3iWWCNZ9un6z+8vwQMgk0mhuk267dJH8qW7TozM\nRoM3pKuopCZ9GKk4POsJl9FzvQ49BZ+3zoqAxeXGuIvPA9rOcdDRaH7je3q9jxtX\nUyS1SMkwjxZDrHsmeKhFFTP2YFgGVfXceqMnMhB/aTTpU7RSiO2Df95VjByAzENi\nO50veRL3w1IRGe95RnnczTPQoLWT7UAMeUd+NAQ2rZE5E5YbuBgBD0tpU+9Li8dE\ncZeXA3cb8lTPvUINq96oojcpx7BberrJt0JxUznYbm5sdSTkSVRBXCOsxmwkuVUj\nZiieVzkkUAzgkq8npsUFK4YQGp8b1VnmhLk3ibh+xCtkmcNKHMmSANVZeqvBQ3hB\n6LNdqD13V5VTvCeE1SAmz7t1b4QBqw3h6pfMPNb+7KPLg2IWuI4niTv1p49M1ybk\nUDy7O7M8nVN5X1Dx3oESGUnwJ0+wWaYKI7c573WFeKT2DjiOujnp7vk9FJ0RyPM0\nOhDFfxAwU8wECzmhYy95O7pS65iWAqXvwrtAin0lmdEbh/nN0UKr+FeSpGyxvps4\nzcpWytcEU7j/U6mTFfcAAAADAQABAAACACGI23k/9bkdkjjkVRfHYG3Ffc3nbsPM\noqLcRLYfsqfKcxQ0eTmMzKVtzekrUetgZMxm8a10a7TD/zxc9qhU6FSd+nrInbhZ\nDZdMnTktjV/PJJ6K9Hj+++1CiEQuoeBeJZcbtpS1TqqJ0GQzGKbAwC8bdkvDxS4R\npMizePxlq0RBr8FcGFfWGpfBAS2PC3Z2jxRYZlY1tUP128vFLL4IxJNz3cYuzWqi\nAt1CpDVbeptjn2rr7RWU54ZQFt5g3sgzlu2Xnzub1mYAOvQJ1gpE79W+0I5izvEs\n+JwFtbXtIZhIvtz0JBahqKpp2GM/Nx7tcBDQ65Cbbn2ln/xsUv/y8yKEc9lgD+g9\noFVdRsaUwYOLwPtiAVM6OOzymNV6WEysP7hPQ/A2T3Y5WrTylIZYh74z2Bu6Jz/t\nFxjLlcAS9vG+vyR0vyOQrH0w8oqMsbT+AyNjQ8hIodUa9VaO7ML7lSWq9Qbi0MU1\nbuYpHP8E4Wz6MY5CsWwjKly6cBPzZb9CRJr+zDWdNgP3WWZqqq/WOLoy5oJi2OWz\nbgWDEqumwgqNe29HgadzCUasFJ0bhiWWP2p3jTdY8LcfluPSoGUEmW0j+8Yr6deK\n7CUmxZIWNSt1KewWd5xjJyrvgc8/ZyUqkavAWUgGb3DCWquKRWoc+Z+lu0+9Hix8\njzOsaie0ZuNxAAABAELgkqj0dO98Mg0bbXEt21CUjaEAr7jtY2SoLfHXGfzGZjXU\nS0U+RVOS96VqM8jVLW5P1gdb+zf1+VBo2fFjvSzbq9hGMlR+gino4Xx4xNozzYNJ\n9hBc0ioTi7LnKlsIHP5GMksNBd5MLDpN31kwuv4ksuDChPUubM7/RKx+3X6xob5/\nikf7UzqYxO34tu//Np2xk2ziJ0FscjJ66/RN5aSul36U//EMis8+MTtg3t5Q/Vwl\nLfvKhua36jv+pBZDPl+Mvcwmou6xRPcviGNyAI8OzxBGyH0bk5ruBFZQ4SgjVVSq\nNBFkbwEkZkOqbbppiTF1ewnoj8LLa3eog5/yxPkAAAEBAOElVckTIU//c7c4+Iks\nvQoP71bPi0hZVfyPPgmpskLQlVJ89X9BvSeTGiTEc2MuMNiIDEwG3neXtTCXCEI7\n9DXUZtpZezAWswsJ1twtdO5SySVJ4OZbJTcnfeWPp/zCBAtMFQC6vtuQt2Sa0idx\nbeIUaZ2m6UTg46lnqNzAn7FDJ7y6cAFAUypkitdhc2jWnnSUtTVoK0kMN7umDpfM\n1ND3e7VtPZIZhRFjqudGlvzkBNofjOXzgh/xldmode4Sw6zj6gkRl7VXeNh75x1/\nLhmO2QFu9sR/P9hf7F3vKDhoWALF8goqxE3uq/DYDSXmnr8bdsetcEnbr8Vz/1Wh\nw/MAAAEBAM6x2gpenB4JVPPPAtDYoEnZjaxKXw6w5K3YDYDR+5SPkKEIibiHj1Vb\nwWWSofOIU04Z21EzRa0H19QlCwY+upy5MQCBNssLG6vS6DySymNuJHmbmY7sjwmp\nXiE5X1FGnyyzuTDNLOzC2XIrYXg167fmF5iVVen0GlZbtwGa85TcOWAITPw5V0Ix\nO7aAPyRKQRbq1HexEUE+T0tW1gzVOXe81rBmTqTMtF3doKjrqCnsxrD4J1PgHqSp\nt+koTGuxsl4jCceWBE4w+2nh0XMB3Bpq7kvj8DI9gin+erzkMiqB61Qtg/xwCXzc\ngw3RaK8wfrFoDgitTPEb7kg0IVPuGu0AAAAAAQID\n-----END OPENSSH PRIVATE KEY-----\n",
            "private_key_pem": "-----BEGIN RSA PRIVATE KEY-----\nMIIJJQIBAAKCAgEAtch1mwcinzesyz6tIBFzw6aicCqeB8eO1SlzXfswTzdThrPt\n1S+FEMeek1Do5GUiG5srKYEP5/CAEjbdFubQ+4R9tUbyALx+i+Ic1dY2kwv+bSq1\nl3iWWCNZ9un6z+8vwQMgk0mhuk267dJH8qW7TozMRoM3pKuopCZ9GKk4POsJl9Fz\nvQ49BZ+3zoqAxeXGuIvPA9rOcdDRaH7je3q9jxtXUyS1SMkwjxZDrHsmeKhFFTP2\nYFgGVfXceqMnMhB/aTTpU7RSiO2Df95VjByAzENiO50veRL3w1IRGe95RnnczTPQ\noLWT7UAMeUd+NAQ2rZE5E5YbuBgBD0tpU+9Li8dEcZeXA3cb8lTPvUINq96oojcp\nx7BberrJt0JxUznYbm5sdSTkSVRBXCOsxmwkuVUjZiieVzkkUAzgkq8npsUFK4YQ\nGp8b1VnmhLk3ibh+xCtkmcNKHMmSANVZeqvBQ3hB6LNdqD13V5VTvCeE1SAmz7t1\nb4QBqw3h6pfMPNb+7KPLg2IWuI4niTv1p49M1ybkUDy7O7M8nVN5X1Dx3oESGUnw\nJ0+wWaYKI7c573WFeKT2DjiOujnp7vk9FJ0RyPM0OhDFfxAwU8wECzmhYy95O7pS\n65iWAqXvwrtAin0lmdEbh/nN0UKr+FeSpGyxvps4zcpWytcEU7j/U6mTFfcCAwEA\nAQKCAgAhiNt5P/W5HZI45FUXx2BtxX3N527DzKKi3ES2H7KnynMUNHk5jMylbc3p\nK1HrYGTMZvGtdGu0w/88XPaoVOhUnfp6yJ24WQ2XTJ05LY1fzySeivR4/vvtQohE\nLqHgXiWXG7aUtU6qidBkMximwMAvG3ZLw8UuEaTIs3j8ZatEQa/BXBhX1hqXwQEt\njwt2do8UWGZWNbVD9dvLxSy+CMSTc93GLs1qogLdQqQ1W3qbY59q6+0VlOeGUBbe\nYN7IM5btl587m9ZmADr0CdYKRO/VvtCOYs7xLPicBbW17SGYSL7c9CQWoaiqadhj\nPzce7XAQ0OuQm259pZ/8bFL/8vMihHPZYA/oPaBVXUbGlMGDi8D7YgFTOjjs8pjV\nelhMrD+4T0PwNk92OVq08pSGWIe+M9gbuic/7RcYy5XAEvbxvr8kdL8jkKx9MPKK\njLG0/gMjY0PISKHVGvVWjuzC+5UlqvUG4tDFNW7mKRz/BOFs+jGOQrFsIypcunAT\n82W/QkSa/sw1nTYD91lmaqqv1ji6MuaCYtjls24FgxKrpsIKjXtvR4GncwlGrBSd\nG4Yllj9qd403WPC3H5bj0qBlBJltI/vGK+nXiuwlJsWSFjUrdSnsFnecYycq74HP\nP2clKpGrwFlIBm9wwlqrikVqHPmfpbtPvR4sfI8zrGontGbjcQKCAQEA4SVVyRMh\nT/9ztzj4iSy9Cg/vVs+LSFlV/I8+CamyQtCVUnz1f0G9J5MaJMRzYy4w2IgMTAbe\nd5e1MJcIQjv0NdRm2ll7MBazCwnW3C107lLJJUng5lslNyd95Y+n/MIEC0wVALq+\n25C3ZJrSJ3Ft4hRpnabpRODjqWeo3MCfsUMnvLpwAUBTKmSK12FzaNaedJS1NWgr\nSQw3u6YOl8zU0Pd7tW09khmFEWOq50aW/OQE2h+M5fOCH/GV2ah17hLDrOPqCRGX\ntVd42HvnHX8uGY7ZAW72xH8/2F/sXe8oOGhYAsXyCirETe6r8NgNJeaevxt2x61w\nSduvxXP/VaHD8wKCAQEAzrHaCl6cHglU888C0NigSdmNrEpfDrDkrdgNgNH7lI+Q\noQiJuIePVVvBZZKh84hTThnbUTNFrQfX1CULBj66nLkxAIE2ywsbq9LoPJLKY24k\neZuZjuyPCaleITlfUUafLLO5MM0s7MLZcitheDXrt+YXmJVV6fQaVlu3AZrzlNw5\nYAhM/DlXQjE7toA/JEpBFurUd7ERQT5PS1bWDNU5d7zWsGZOpMy0Xd2gqOuoKezG\nsPgnU+AepKm36ShMa7GyXiMJx5YETjD7aeHRcwHcGmruS+PwMj2CKf56vOQyKoHr\nVC2D/HAJfNyDDdForzB+sWgOCK1M8RvuSDQhU+4a7QKB/zMCQm1L6EA3n//i6Gwr\ntqiQ86i3XNcHZnPSADwwNjLtDuehZ/1s524P5dxupbXSwT5NlHulEsIFnQdlMHnR\nG4MWnDbcDwzWF7pogEViBxv3pZrNIicOf1//koZwBZ8+Vaw5kIiZxqP4JZSlfvdw\nu3R9K3CMYE06plm7IobhHU0L6fTYSIgACteP7+TcL0mRVlUTW/q9nxDts7LP7H53\n6b9uUpjIJyrynTNTYWUEmTCyeGbyvvlaMiEKmui1QgKuPabt/BgR5E0xhC+H4tTL\n+6XOt1ubyEy8h7p+AQ9HH9WnzkjSkAO9rLv7Vvk5+cCcf1rM3hxfLxGMtEYIAdFk\n1QKCAQBqQO9PiVdD8ZQkSXSvG806aYX03b6D9Nd5rqkyYb+snSjCP3tcywMZ5DNF\nHd33LUt1yMD/uxXEX1XKDsjeCv0vd9wC4Gnkcu9kouUTznoQJxzFDwIfgOf/FXv4\nJGAljeJhvnoi5jaD956EnFxcyYtFXBkhLROfUwb/AeLQBnHVQmiUP3Aj8O40bs69\ngKv04d8YAtv6M6IlIfztQ9SBgFMshHzw7YbcHQdTgY0HiS1HcBqr+sVszrex+jU6\nvKacbhq9XdG3Mh1AfNmhkp5zOq+FPRcHGEPv78KsB8/cropDY8ov2b4R1R5re4g7\nYD0qYgme9VjRiRUWlT8nCvVfCfX5AoIBAELgkqj0dO98Mg0bbXEt21CUjaEAr7jt\nY2SoLfHXGfzGZjXUS0U+RVOS96VqM8jVLW5P1gdb+zf1+VBo2fFjvSzbq9hGMlR+\ngino4Xx4xNozzYNJ9hBc0ioTi7LnKlsIHP5GMksNBd5MLDpN31kwuv4ksuDChPUu\nbM7/RKx+3X6xob5/ikf7UzqYxO34tu//Np2xk2ziJ0FscjJ66/RN5aSul36U//EM\nis8+MTtg3t5Q/VwlLfvKhua36jv+pBZDPl+Mvcwmou6xRPcviGNyAI8OzxBGyH0b\nk5ruBFZQ4SgjVVSqNBFkbwEkZkOqbbppiTF1ewnoj8LLa3eog5/yxPk=\n-----END RSA PRIVATE KEY-----\n",
            "private_key_pem_pkcs8": "-----BEGIN PRIVATE KEY-----\nMIIJPwIBADANBgkqhkiG9w0BAQEFAASCCSkwggklAgEAAoICAQC1yHWbByKfN6zL\nPq0gEXPDpqJwKp4Hx47VKXNd+zBPN1OGs+3VL4UQx56TUOjkZSIbmyspgQ/n8IAS\nNt0W5tD7hH21RvIAvH6L4hzV1jaTC/5tKrWXeJZYI1n26frP7y/BAyCTSaG6Tbrt\n0kfypbtOjMxGgzekq6ikJn0YqTg86wmX0XO9Dj0Fn7fOioDF5ca4i88D2s5x0NFo\nfuN7er2PG1dTJLVIyTCPFkOseyZ4qEUVM/ZgWAZV9dx6oycyEH9pNOlTtFKI7YN/\n3lWMHIDMQ2I7nS95EvfDUhEZ73lGedzNM9CgtZPtQAx5R340BDatkTkTlhu4GAEP\nS2lT70uLx0Rxl5cDdxvyVM+9Qg2r3qiiNynHsFt6usm3QnFTOdhubmx1JORJVEFc\nI6zGbCS5VSNmKJ5XOSRQDOCSryemxQUrhhAanxvVWeaEuTeJuH7EK2SZw0ocyZIA\n1Vl6q8FDeEHos12oPXdXlVO8J4TVICbPu3VvhAGrDeHql8w81v7so8uDYha4jieJ\nO/Wnj0zXJuRQPLs7szydU3lfUPHegRIZSfAnT7BZpgojtznvdYV4pPYOOI66Oenu\n+T0UnRHI8zQ6EMV/EDBTzAQLOaFjL3k7ulLrmJYCpe/Cu0CKfSWZ0RuH+c3RQqv4\nV5KkbLG+mzjNylbK1wRTuP9TqZMV9wIDAQABAoICACGI23k/9bkdkjjkVRfHYG3F\nfc3nbsPMoqLcRLYfsqfKcxQ0eTmMzKVtzekrUetgZMxm8a10a7TD/zxc9qhU6FSd\n+nrInbhZDZdMnTktjV/PJJ6K9Hj+++1CiEQuoeBeJZcbtpS1TqqJ0GQzGKbAwC8b\ndkvDxS4RpMizePxlq0RBr8FcGFfWGpfBAS2PC3Z2jxRYZlY1tUP128vFLL4IxJNz\n3cYuzWqiAt1CpDVbeptjn2rr7RWU54ZQFt5g3sgzlu2Xnzub1mYAOvQJ1gpE79W+\n0I5izvEs+JwFtbXtIZhIvtz0JBahqKpp2GM/Nx7tcBDQ65Cbbn2ln/xsUv/y8yKE\nc9lgD+g9oFVdRsaUwYOLwPtiAVM6OOzymNV6WEysP7hPQ/A2T3Y5WrTylIZYh74z\n2Bu6Jz/tFxjLlcAS9vG+vyR0vyOQrH0w8oqMsbT+AyNjQ8hIodUa9VaO7ML7lSWq\n9Qbi0MU1buYpHP8E4Wz6MY5CsWwjKly6cBPzZb9CRJr+zDWdNgP3WWZqqq/WOLoy\n5oJi2OWzbgWDEqumwgqNe29HgadzCUasFJ0bhiWWP2p3jTdY8LcfluPSoGUEmW0j\n+8Yr6deK7CUmxZIWNSt1KewWd5xjJyrvgc8/ZyUqkavAWUgGb3DCWquKRWoc+Z+l\nu0+9Hix8jzOsaie0ZuNxAoIBAQDhJVXJEyFP/3O3OPiJLL0KD+9Wz4tIWVX8jz4J\nqbJC0JVSfPV/Qb0nkxokxHNjLjDYiAxMBt53l7UwlwhCO/Q11GbaWXswFrMLCdbc\nLXTuUsklSeDmWyU3J33lj6f8wgQLTBUAur7bkLdkmtIncW3iFGmdpulE4OOpZ6jc\nwJ+xQye8unABQFMqZIrXYXNo1p50lLU1aCtJDDe7pg6XzNTQ93u1bT2SGYURY6rn\nRpb85ATaH4zl84If8ZXZqHXuEsOs4+oJEZe1V3jYe+cdfy4ZjtkBbvbEfz/YX+xd\n7yg4aFgCxfIKKsRN7qvw2A0l5p6/G3bHrXBJ26/Fc/9VocPzAoIBAQDOsdoKXpwe\nCVTzzwLQ2KBJ2Y2sSl8OsOSt2A2A0fuUj5ChCIm4h49VW8FlkqHziFNOGdtRM0Wt\nB9fUJQsGPrqcuTEAgTbLCxur0ug8kspjbiR5m5mO7I8JqV4hOV9RRp8ss7kwzSzs\nwtlyK2F4Neu35heYlVXp9BpWW7cBmvOU3DlgCEz8OVdCMTu2gD8kSkEW6tR3sRFB\nPk9LVtYM1Tl3vNawZk6kzLRd3aCo66gp7Maw+CdT4B6kqbfpKExrsbJeIwnHlgRO\nMPtp4dFzAdwaau5L4/AyPYIp/nq85DIqgetULYP8cAl83IMN0WivMH6xaA4IrUzx\nG+5INCFT7hrtAoH/MwJCbUvoQDef/+LobCu2qJDzqLdc1wdmc9IAPDA2Mu0O56Fn\n/Wznbg/l3G6ltdLBPk2Ue6USwgWdB2UwedEbgxacNtwPDNYXumiARWIHG/elms0i\nJw5/X/+ShnAFnz5VrDmQiJnGo/gllKV+93C7dH0rcIxgTTqmWbsihuEdTQvp9NhI\niAAK14/v5NwvSZFWVRNb+r2fEO2zss/sfnfpv25SmMgnKvKdM1NhZQSZMLJ4ZvK+\n+VoyIQqa6LVCAq49pu38GBHkTTGEL4fi1Mv7pc63W5vITLyHun4BD0cf1afOSNKQ\nA72su/tW+Tn5wJx/WszeHF8vEYy0RggB0WTVAoIBAGpA70+JV0PxlCRJdK8bzTpp\nhfTdvoP013muqTJhv6ydKMI/e1zLAxnkM0Ud3fctS3XIwP+7FcRfVcoOyN4K/S93\n3ALgaeRy72Si5RPOehAnHMUPAh+A5/8Ve/gkYCWN4mG+eiLmNoP3noScXFzJi0Vc\nGSEtE59TBv8B4tAGcdVCaJQ/cCPw7jRuzr2Aq/Th3xgC2/ozoiUh/O1D1IGAUyyE\nfPDthtwdB1OBjQeJLUdwGqv6xWzOt7H6NTq8ppxuGr1d0bcyHUB82aGSnnM6r4U9\nFwcYQ+/vwqwHz9yuikNjyi/ZvhHVHmt7iDtgPSpiCZ71WNGJFRaVPycK9V8J9fkC\nggEAQuCSqPR073wyDRttcS3bUJSNoQCvuO1jZKgt8dcZ/MZmNdRLRT5FU5L3pWoz\nyNUtbk/WB1v7N/X5UGjZ8WO9LNur2EYyVH6CKejhfHjE2jPNg0n2EFzSKhOLsucq\nWwgc/kYySw0F3kwsOk3fWTC6/iSy4MKE9S5szv9ErH7dfrGhvn+KR/tTOpjE7fi2\n7/82nbGTbOInQWxyMnrr9E3lpK6XfpT/8QyKzz4xO2De3lD9XCUt+8qG5rfqO/6k\nFkM+X4y9zCai7rFE9y+IY3IAjw7PEEbIfRuTmu4EVlDhKCNVVKo0EWRvASRmQ6pt\nummJMXV7CeiPwstrd6iDn/LE+Q==\n-----END PRIVATE KEY-----\n",
            "public_key_fingerprint_md5": "a3:e1:5f:a8:9d:27:d2:97:68:4e:5a:ca:a1:56:00:d3",
            "public_key_fingerprint_sha256": "SHA256:uMB2WT0QSO9h2yS4JNQIeBUcN6T3qfOp2DqOzRcdxZ8",
            "public_key_openssh": "ssh-rsa AAAAB3NzaC1yc2EAAAADAQABAAACAQC1yHWbByKfN6zLPq0gEXPDpqJwKp4Hx47VKXNd+zBPN1OGs+3VL4UQx56TUOjkZSIbmyspgQ/n8IASNt0W5tD7hH21RvIAvH6L4hzV1jaTC/5tKrWXeJZYI1n26frP7y/BAyCTSaG6Tbrt0kfypbtOjMxGgzekq6ikJn0YqTg86wmX0XO9Dj0Fn7fOioDF5ca4i88D2s5x0NFofuN7er2PG1dTJLVIyTCPFkOseyZ4qEUVM/ZgWAZV9dx6oycyEH9pNOlTtFKI7YN/3lWMHIDMQ2I7nS95EvfDUhEZ73lGedzNM9CgtZPtQAx5R340BDatkTkTlhu4GAEPS2lT70uLx0Rxl5cDdxvyVM+9Qg2r3qiiNynHsFt6usm3QnFTOdhubmx1JORJVEFcI6zGbCS5VSNmKJ5XOSRQDOCSryemxQUrhhAanxvVWeaEuTeJuH7EK2SZw0ocyZIA1Vl6q8FDeEHos12oPXdXlVO8J4TVICbPu3VvhAGrDeHql8w81v7so8uDYha4jieJO/Wnj0zXJuRQPLs7szydU3lfUPHegRIZSfAnT7BZpgojtznvdYV4pPYOOI66Oenu+T0UnRHI8zQ6EMV/EDBTzAQLOaFjL3k7ulLrmJYCpe/Cu0CKfSWZ0RuH+c3RQqv4V5KkbLG+mzjNylbK1wRTuP9TqZMV9w==\n",
            "public_key_pem": "-----BEGIN PUBLIC KEY-----\nMIICIjANBgkqhkiG9w0BAQEFAAOCAg8AMIICCgKCAgEAtch1mwcinzesyz6tIBFz\nw6aicCqeB8eO1SlzXfswTzdThrPt1S+FEMeek1Do5GUiG5srKYEP5/CAEjbdFubQ\n+4R9tUbyALx+i+Ic1dY2kwv+bSq1l3iWWCNZ9un6z+8vwQMgk0mhuk267dJH8qW7\nTozMRoM3pKuopCZ9GKk4POsJl9FzvQ49BZ+3zoqAxeXGuIvPA9rOcdDRaH7je3q9\njxtXUyS1SMkwjxZDrHsmeKhFFTP2YFgGVfXceqMnMhB/aTTpU7RSiO2Df95VjByA\nzENiO50veRL3w1IRGe95RnnczTPQoLWT7UAMeUd+NAQ2rZE5E5YbuBgBD0tpU+9L\ni8dEcZeXA3cb8lTPvUINq96oojcpx7BberrJt0JxUznYbm5sdSTkSVRBXCOsxmwk\nuVUjZiieVzkkUAzgkq8npsUFK4YQGp8b1VnmhLk3ibh+xCtkmcNKHMmSANVZeqvB\nQ3hB6LNdqD13V5VTvCeE1SAmz7t1b4QBqw3h6pfMPNb+7KPLg2IWuI4niTv1p49M\n1ybkUDy7O7M8nVN5X1Dx3oESGUnwJ0+wWaYKI7c573WFeKT2DjiOujnp7vk9FJ0R\nyPM0OhDFfxAwU8wECzmhYy95O7pS65iWAqXvwrtAin0lmdEbh/nN0UKr+FeSpGyx\nvps4zcpWytcEU7j/U6mTFfcCAwEAAQ==\n-----END PUBLIC KEY-----\n",
            "rsa_bits": 4096
          },
          "sensitive_attributes": [
            [
              {
                "type": "get_attr",
                "value": "private_key_openssh"
              }
            ],
            [
              {
                "type": "get_attr",
                "value": "private_key_pem"
              }
            ],
            [
              {
                "type": "get_attr",
                "value": "private_key_pem_pkcs8"
              }
            ]
          ],
          "identity_schema_version": 0
        }
      ]
    }
  ],
  "check_results": null
}
